{
  "pins" : [
    {
      "identity" : "anycodable",
      "kind" : "remoteSourceControl",
      "location" : "https://github.com/Flight-School/AnyCodable",
      "state" : {
        "revision" : "f9fda69a7b704d46fb5123005f2f7e43dbb8a0fa",
        "version" : "0.6.5"
      }
    },
    {
      "identity" : "get",
      "kind" : "remoteSourceControl",
      "location" : "https://github.com/kean/Get",
      "state" : {
        "revision" : "b1137bf8315479cddc79fcb04d9db7bc8117e16f",
        "version" : "0.8.0"
      }
    },
    {
      "identity" : "gotrue-swift",
      "kind" : "remoteSourceControl",
      "location" : "https://github.com/supabase-community/gotrue-swift",
      "state" : {
        "revision" : "d4e0cb73db890358fb6efaaae7ca9fb636720c24",
        "version" : "0.0.5"
      }
    },
    {
      "identity" : "keychainaccess",
      "kind" : "remoteSourceControl",
      "location" : "https://github.com/kishikawakatsumi/KeychainAccess",
      "state" : {
        "revision" : "84e546727d66f1adc5439debad16270d0fdd04e7",
        "version" : "4.2.2"
      }
    },
    {
      "identity" : "postgrest-swift",
      "kind" : "remoteSourceControl",
      "location" : "https://github.com/supabase-community/postgrest-swift",
      "state" : {
        "revision" : "ebb07f8da5e8e4dee251c5bcb9c7f6ead537e1d6",
        "version" : "0.0.4"
      }
    },
    {
      "identity" : "realtime-swift",
      "kind" : "remoteSourceControl",
      "location" : "https://github.com/supabase-community/realtime-swift.git",
      "state" : {
        "revision" : "2b55564e1a724ca62067b0dc76e5e69439c30b76",
        "version" : "0.0.1"
      }
    },
    {
      "identity" : "starscream",
      "kind" : "remoteSourceControl",
      "location" : "https://github.com/daltoniam/Starscream.git",
      "state" : {
        "revision" : "e6b65c6d9077ea48b4a7bdda8994a1d3c6969c8d",
        "version" : "3.1.1"
      }
    },
    {
      "identity" : "storage-swift",
      "kind" : "remoteSourceControl",
      "location" : "https://github.com/supabase-community/storage-swift.git",
      "state" : {
        "revision" : "ebb1ee7370ec0d50bcfb38ce05279e1475aebbf8",
        "version" : "0.0.2"
      }
    },
    {
      "identity" : "supabase-swift",
      "kind" : "remoteSourceControl",
      "location" : "https://github.com/supabase/supabase-swift.git",
      "state" : {
        "revision" : "3386e8582a47f7efc578477aad89294bd6fd965f",
        "version" : "0.0.5"
      }
    },
    {
      "identity" : "swift-composable-keychain",
      "kind" : "remoteSourceControl",
      "location" : "https://github.com/binaryscraping/swift-composable-keychain",
      "state" : {
        "revision" : "3ebddfe9e9232218bada99ab6d6b3ca1fd94f112",
        "version" : "0.0.2"
      }
    },
    {
      "identity" : "swift-nio-zlib-support",
      "kind" : "remoteSourceControl",
      "location" : "https://github.com/apple/swift-nio-zlib-support.git",
      "state" : {
        "revision" : "37760e9a52030bb9011972c5213c3350fa9d41fd",
        "version" : "1.0.0"
      }
    },
    {
      "identity" : "urlqueryencoder",
      "kind" : "remoteSourceControl",
      "location" : "https://github.com/kean/URLQueryEncoder",
      "state" : {
        "revision" : "4cc975d4d075d0e62699a796a08284e217d4ee93",
        "version" : "0.2.0"
      }
    },
    {
      "identity" : "xctest-dynamic-overlay",
      "kind" : "remoteSourceControl",
      "location" : "https://github.com/pointfreeco/xctest-dynamic-overlay",
      "state" : {
        "revision" : "50a70a9d3583fe228ce672e8923010c8df2deddd",
        "version" : "0.2.1"
      }
    }
  ],
  "version" : 2
}
